{
  "name": "node-gitstar",
  "version": "1.0.0",
  "lockfileVersion": 1,
  "requires": true,
  "dependencies": {
    "axios": {
      "version": "0.18.0",
      "resolved": "http://registry.npm.alibaba-inc.com/axios/download/axios-0.18.0.tgz",
      "dependencies": {
        "follow-redirects": {
          "version": "http://registry.npm.alibaba-inc.com/follow-redirects/download/follow-redirects-1.4.1.tgz",
          "bundled": true
        },
        "is-buffer": {
          "version": "http://registry.npm.alibaba-inc.com/is-buffer/download/is-buffer-1.1.6.tgz",
          "bundled": true
        }
      }
    },
    "chalk": {
      "version": "2.3.2",
      "resolved": "http://registry.npm.alibaba-inc.com/chalk/download/chalk-2.3.2.tgz",
      "dependencies": {
        "ansi-styles": {
          "version": "http://registry.npm.alibaba-inc.com/ansi-styles/download/ansi-styles-3.2.1.tgz",
          "dependencies": {
            "color-convert": {
              "version": "http://registry.npm.alibaba-inc.com/color-convert/download/color-convert-1.9.1.tgz",
              "bundled": true
            }
          }
        },
        "escape-string-regexp": {
          "version": "http://registry.npm.alibaba-inc.com/escape-string-regexp/download/escape-string-regexp-1.0.5.tgz"
        },
        "supports-color": {
          "version": "http://registry.npm.alibaba-inc.com/supports-color/download/supports-color-5.3.0.tgz"
        }
      }
    },
    "cli-table2": {
      "version": "0.2.0",
      "resolved": "http://registry.npm.alibaba-inc.com/cli-table2/download/cli-table2-0.2.0.tgz",
      "dependencies": {
        "colors": {
          "version": "http://registry.npm.alibaba-inc.com/colors/download/colors-1.2.1.tgz"
        },
        "lodash": {
          "version": "http://registry.npm.alibaba-inc.com/lodash/download/lodash-3.10.1.tgz"
        },
        "string-width": {
          "version": "http://registry.npm.alibaba-inc.com/string-width/download/string-width-1.0.2.tgz"
        }
      }
    },
    "fs-extra": {
      "version": "5.0.0",
      "resolved": "http://registry.npm.alibaba-inc.com/fs-extra/download/fs-extra-5.0.0.tgz",
      "dependencies": {
        "graceful-fs": {
          "version": "http://registry.npm.alibaba-inc.com/graceful-fs/download/graceful-fs-4.1.11.tgz",
          "bundled": true
        },
        "jsonfile": {
          "version": "http://registry.npm.alibaba-inc.com/jsonfile/download/jsonfile-4.0.0.tgz",
          "bundled": true
        },
        "universalify": {
          "version": "http://registry.npm.alibaba-inc.com/universalify/download/universalify-0.1.1.tgz",
          "bundled": true
        }
      }
    },
    "inquirer": {
      "version": "5.2.0",
      "resolved": "http://registry.npm.alibaba-inc.com/inquirer/download/inquirer-5.2.0.tgz",
      "requires": {
        "chalk": "2.3.2"
      },
      "dependencies": {
        "ansi-escapes": {
          "version": "http://registry.npm.alibaba-inc.com/ansi-escapes/download/ansi-escapes-3.1.0.tgz"
        },
        "chalk": {
          "version": "http://registry.npm.alibaba-inc.com/chalk/download/chalk-2.3.2.tgz",
          "dependencies": {
            "ansi-styles": {
              "version": "http://registry.npm.alibaba-inc.com/ansi-styles/download/ansi-styles-3.2.1.tgz",
              "dependencies": {}
            },
            "escape-string-regexp": {
              "version": "http://registry.npm.alibaba-inc.com/escape-string-regexp/download/escape-string-regexp-1.0.5.tgz"
            },
            "supports-color": {
              "version": "http://registry.npm.alibaba-inc.com/supports-color/download/supports-color-5.3.0.tgz"
            }
          }
        },
        "cli-cursor": {
          "version": "http://registry.npm.alibaba-inc.com/cli-cursor/download/cli-cursor-2.1.0.tgz"
        },
        "cli-width": {
          "version": "http://registry.npm.alibaba-inc.com/cli-width/download/cli-width-2.2.0.tgz"
        },
        "external-editor": {
          "version": "http://registry.npm.alibaba-inc.com/external-editor/download/external-editor-2.1.0.tgz"
        },
        "figures": {
          "version": "http://registry.npm.alibaba-inc.com/figures/download/figures-2.0.0.tgz"
        },
        "lodash": {
          "version": "http://registry.npm.alibaba-inc.com/lodash/download/lodash-4.17.5.tgz"
        },
        "mute-stream": {
          "version": "http://registry.npm.alibaba-inc.com/mute-stream/download/mute-stream-0.0.7.tgz"
        },
        "run-async": {
          "version": "http://registry.npm.alibaba-inc.com/run-async/download/run-async-2.3.0.tgz"
        },
        "rxjs": {
          "version": "http://registry.npm.alibaba-inc.com/rxjs/download/rxjs-5.5.8.tgz"
        },
        "string-width": {
          "version": "http://registry.npm.alibaba-inc.com/string-width/download/string-width-2.1.1.tgz"
        },
        "strip-ansi": {
          "version": "http://registry.npm.alibaba-inc.com/strip-ansi/download/strip-ansi-4.0.0.tgz",
          "dependencies": {
            "ansi-regex": {
              "version": "http://registry.npm.alibaba-inc.com/ansi-regex/download/ansi-regex-3.0.0.tgz",
              "bundled": true
            }
          }
        },
        "through": {
          "version": "http://registry.npm.alibaba-inc.com/through/download/through-2.3.8.tgz"
        }
      }
    },
    "lodash.get": {
      "version": "4.4.2",
      "resolved": "https://registry.npmjs.org/lodash.get/-/lodash.get-4.4.2.tgz",
      "integrity": "sha1-LRd/ZS+jHpObRDjVNBSZ36OCXpk="
    },
    "moment": {
      "version": "2.22.0",
      "resolved": "http://registry.npm.alibaba-inc.com/moment/download/moment-2.22.0.tgz"
    }
  }
}
